
Microsoft Visual Studio Solution File, Format Version 12.00
# Visual Studio Version 16
VisualStudioVersion = 16.0.29318.209
MinimumVisualStudioVersion = 10.0.40219.1
Project("{FAE04EC0-301F-11D3-BF4B-00C04F79EFBC}") = "DogHappy.Jax", "DogHappy.Jax\DogHappy.Jax.csproj", "{526FA257-16FD-43B3-AEED-C37874965956}"
EndProject
Project("{FAE04EC0-301F-11D3-BF4B-00C04F79EFBC}") = "DogHappy.Jax.ConsoleApp", "DogHappy.Jax.ConsoleApp\DogHappy.Jax.ConsoleApp.csproj", "{9BB51C12-7F0E-487D-A95E-5FA9A816A005}"
EndProject
Global
	GlobalSection(SolutionConfigurationPlatforms) = preSolution
		Debug|Any CPU = Debug|Any CPU
		Release|Any CPU = Release|Any CPU
	EndGlobalSection
	GlobalSection(ProjectConfigurationPlatforms) = postSolution
		{526FA257-16FD-43B3-AEED-C37874965956}.Debug|Any CPU.ActiveCfg = Debug|Any CPU
		{526FA257-16FD-43B3-AEED-C37874965956}.Debug|Any CPU.Build.0 = Debug|Any CPU
		{526FA257-16FD-43B3-AEED-C37874965956}.Release|Any CPU.ActiveCfg = Release|Any CPU
		{526FA257-16FD-43B3-AEED-C37874965956}.Release|Any CPU.Build.0 = Release|Any CPU
		{9BB51C12-7F0E-487D-A95E-5FA9A816A005}.Debug|Any CPU.ActiveCfg = Debug|Any CPU
		{9BB51C12-7F0E-487D-A95E-5FA9A816A005}.Debug|Any CPU.Build.0 = Debug|Any CPU
		{9BB51C12-7F0E-487D-A95E-5FA9A816A005}.Release|Any CPU.ActiveCfg = Release|Any CPU
		{9BB51C12-7F0E-487D-A95E-5FA9A816A005}.Release|Any CPU.Build.0 = Release|Any CPU
	EndGlobalSection
	GlobalSection(SolutionProperties) = preSolution
		HideSolutionNode = FALSE
	EndGlobalSection
	GlobalSection(ExtensibilityGlobals) = postSolution
		SolutionGuid = {1D8D3517-0BB6-4D6A-AA01-7D4BE9655C20}
	EndGlobalSection
EndGlobal
